
Microsoft Visual Studio Solution File, Format Version 12.00
# Visual Studio 15
VisualStudioVersion = 15.0.27428.2005
MinimumVisualStudioVersion = 10.0.40219.1
Project("{FAE04EC0-301F-11D3-BF4B-00C04F79EFBC}") = "MAL_Deviation", "MAL_Deviation\MAL_Deviation.csproj", "{96FAB8B7-A59A-464B-85FC-198EF5696B6F}"
EndProject
Global
	GlobalSection(SolutionConfigurationPlatforms) = preSolution
		Debug|Any CPU = Debug|Any CPU
		Release|Any CPU = Release|Any CPU
	EndGlobalSection
	GlobalSection(ProjectConfigurationPlatforms) = postSolution
		{96FAB8B7-A59A-464B-85FC-198EF5696B6F}.Debug|Any CPU.ActiveCfg = Debug|Any CPU
		{96FAB8B7-A59A-464B-85FC-198EF5696B6F}.Debug|Any CPU.Build.0 = Debug|Any CPU
		{96FAB8B7-A59A-464B-85FC-198EF5696B6F}.Release|Any CPU.ActiveCfg = Release|Any CPU
		{96FAB8B7-A59A-464B-85FC-198EF5696B6F}.Release|Any CPU.Build.0 = Release|Any CPU
	EndGlobalSection
	GlobalSection(SolutionProperties) = preSolution
		HideSolutionNode = FALSE
	EndGlobalSection
	GlobalSection(ExtensibilityGlobals) = postSolution
		SolutionGuid = {6BC3B224-878A-44D4-9593-55F275992DF7}
	EndGlobalSection
EndGlobal
